
Microsoft Visual Studio Solution File, Format Version 12.00
# Visual Studio Version 16
VisualStudioVersion = 16.0.30517.126
MinimumVisualStudioVersion = 10.0.40219.1
Project("{FAE04EC0-301F-11D3-BF4B-00C04F79EFBC}") = "Game of Life", "Game of Life\Game of Life.csproj", "{038A71F4-872F-4695-902E-84015C25DAF0}"
EndProject
Global
	GlobalSection(SolutionConfigurationPlatforms) = preSolution
		Debug|Any CPU = Debug|Any CPU
		Release|Any CPU = Release|Any CPU
	EndGlobalSection
	GlobalSection(ProjectConfigurationPlatforms) = postSolution
		{038A71F4-872F-4695-902E-84015C25DAF0}.Debug|Any CPU.ActiveCfg = Debug|Any CPU
		{038A71F4-872F-4695-902E-84015C25DAF0}.Debug|Any CPU.Build.0 = Debug|Any CPU
		{038A71F4-872F-4695-902E-84015C25DAF0}.Release|Any CPU.ActiveCfg = Release|Any CPU
		{038A71F4-872F-4695-902E-84015C25DAF0}.Release|Any CPU.Build.0 = Release|Any CPU
	EndGlobalSection
	GlobalSection(SolutionProperties) = preSolution
		HideSolutionNode = FALSE
	EndGlobalSection
	GlobalSection(ExtensibilityGlobals) = postSolution
		SolutionGuid = {9E9D8BD1-E6CC-4464-9F9F-0A6454D61B7F}
	EndGlobalSection
EndGlobal
